
Microsoft Visual Studio Solution File, Format Version 12.00
# Visual Studio 2013
VisualStudioVersion = 12.0.31101.0
MinimumVisualStudioVersion = 10.0.40219.1
Project("{FAE04EC0-301F-11D3-BF4B-00C04F79EFBC}") = "RasPiCam", "RasPiCam\RasPiCam.csproj", "{CE4AC1B3-796E-48E5-908A-A07E2A4A5316}"
EndProject
Project("{2150E333-8FDC-42A3-9474-1A3956D46DE8}") = "PublishScripts", "PublishScripts", "{68532742-A5A4-41D6-A616-5A1C3A84FB4E}"
	ProjectSection(SolutionItems) = preProject
		PublishScripts\AzureWebsitePublishModule.psm1 = PublishScripts\AzureWebsitePublishModule.psm1
		PublishScripts\Publish-WebApplicationWebsite.ps1 = PublishScripts\Publish-WebApplicationWebsite.ps1
	EndProjectSection
EndProject
Project("{2150E333-8FDC-42A3-9474-1A3956D46DE8}") = "Configurations", "Configurations", "{2CBBA257-1418-4218-84F0-5318A5A0EF0C}"
	ProjectSection(SolutionItems) = preProject
		PublishScripts\Configurations\RasPiCam-WAWS-dev.json = PublishScripts\Configurations\RasPiCam-WAWS-dev.json
	EndProjectSection
EndProject
Project("{2150E333-8FDC-42A3-9474-1A3956D46DE8}") = ".nuget", ".nuget", "{B30E2369-D303-4EFE-88B3-C333C63E38A7}"
	ProjectSection(SolutionItems) = preProject
		.nuget\NuGet.Config = .nuget\NuGet.Config
		.nuget\NuGet.exe = .nuget\NuGet.exe
		.nuget\NuGet.targets = .nuget\NuGet.targets
	EndProjectSection
EndProject
Global
	GlobalSection(SolutionConfigurationPlatforms) = preSolution
		Debug|Any CPU = Debug|Any CPU
		Release|Any CPU = Release|Any CPU
	EndGlobalSection
	GlobalSection(ProjectConfigurationPlatforms) = postSolution
		{CE4AC1B3-796E-48E5-908A-A07E2A4A5316}.Debug|Any CPU.ActiveCfg = Debug|Any CPU
		{CE4AC1B3-796E-48E5-908A-A07E2A4A5316}.Debug|Any CPU.Build.0 = Debug|Any CPU
		{CE4AC1B3-796E-48E5-908A-A07E2A4A5316}.Release|Any CPU.ActiveCfg = Release|Any CPU
		{CE4AC1B3-796E-48E5-908A-A07E2A4A5316}.Release|Any CPU.Build.0 = Release|Any CPU
	EndGlobalSection
	GlobalSection(SolutionProperties) = preSolution
		HideSolutionNode = FALSE
	EndGlobalSection
	GlobalSection(NestedProjects) = preSolution
		{2CBBA257-1418-4218-84F0-5318A5A0EF0C} = {68532742-A5A4-41D6-A616-5A1C3A84FB4E}
	EndGlobalSection
EndGlobal
